
Microsoft Visual Studio Solution File, Format Version 12.00
# Visual Studio Version 17
VisualStudioVersion = 17.4.33205.214
MinimumVisualStudioVersion = 10.0.40219.1
Project("{FAE04EC0-301F-11D3-BF4B-00C04F79EFBC}") = "DFunc", "DFunc\DFunc.csproj", "{2A6DBAC6-9C50-4A68-A0F3-F5C4495B66A5}"
EndProject
Global
	GlobalSection(SolutionConfigurationPlatforms) = preSolution
		Debug|Any CPU = Debug|Any CPU
		Release|Any CPU = Release|Any CPU
	EndGlobalSection
	GlobalSection(ProjectConfigurationPlatforms) = postSolution
		{2A6DBAC6-9C50-4A68-A0F3-F5C4495B66A5}.Debug|Any CPU.ActiveCfg = Debug|Any CPU
		{2A6DBAC6-9C50-4A68-A0F3-F5C4495B66A5}.Debug|Any CPU.Build.0 = Debug|Any CPU
		{2A6DBAC6-9C50-4A68-A0F3-F5C4495B66A5}.Release|Any CPU.ActiveCfg = Release|Any CPU
		{2A6DBAC6-9C50-4A68-A0F3-F5C4495B66A5}.Release|Any CPU.Build.0 = Release|Any CPU
	EndGlobalSection
	GlobalSection(SolutionProperties) = preSolution
		HideSolutionNode = FALSE
	EndGlobalSection
	GlobalSection(ExtensibilityGlobals) = postSolution
		SolutionGuid = {AB37CED8-321B-49AF-86C4-456EEDC4694D}
	EndGlobalSection
EndGlobal
